
Microsoft Visual Studio Solution File, Format Version 12.00
# Visual Studio 15
VisualStudioVersion = 15.0.27703.2042
MinimumVisualStudioVersion = 10.0.40219.1
Project("{FAE04EC0-301F-11D3-BF4B-00C04F79EFBC}") = "AdventOfCode2019", "AdventOfCode2019\AdventOfCode2019.csproj", "{C3DC4002-D3C1-41CE-B2F4-56CDE69EEDFF}"
EndProject
Global
	GlobalSection(SolutionConfigurationPlatforms) = preSolution
		Debug|Any CPU = Debug|Any CPU
		Debug|x64 = Debug|x64
		Release|Any CPU = Release|Any CPU
		Release|x64 = Release|x64
	EndGlobalSection
	GlobalSection(ProjectConfigurationPlatforms) = postSolution
		{C3DC4002-D3C1-41CE-B2F4-56CDE69EEDFF}.Debug|Any CPU.ActiveCfg = Debug|Any CPU
		{C3DC4002-D3C1-41CE-B2F4-56CDE69EEDFF}.Debug|Any CPU.Build.0 = Debug|Any CPU
		{C3DC4002-D3C1-41CE-B2F4-56CDE69EEDFF}.Debug|x64.ActiveCfg = Debug|x64
		{C3DC4002-D3C1-41CE-B2F4-56CDE69EEDFF}.Debug|x64.Build.0 = Debug|x64
		{C3DC4002-D3C1-41CE-B2F4-56CDE69EEDFF}.Release|Any CPU.ActiveCfg = Release|Any CPU
		{C3DC4002-D3C1-41CE-B2F4-56CDE69EEDFF}.Release|Any CPU.Build.0 = Release|Any CPU
		{C3DC4002-D3C1-41CE-B2F4-56CDE69EEDFF}.Release|x64.ActiveCfg = Release|x64
		{C3DC4002-D3C1-41CE-B2F4-56CDE69EEDFF}.Release|x64.Build.0 = Release|x64
	EndGlobalSection
	GlobalSection(SolutionProperties) = preSolution
		HideSolutionNode = FALSE
	EndGlobalSection
	GlobalSection(ExtensibilityGlobals) = postSolution
		SolutionGuid = {58953B38-D69A-4C36-8616-2F0AAB0A3575}
	EndGlobalSection
EndGlobal
